
Microsoft Visual Studio Solution File, Format Version 12.00
# Visual Studio Version 17
VisualStudioVersion = 17.0.31423.177
MinimumVisualStudioVersion = 10.0.40219.1
Project("{2150E333-8FDC-42A3-9474-1A3956D46DE8}") = "UI", "UI", "{91B35A9D-11EC-4212-A16C-3ECB00D97791}"
EndProject
Project("{2150E333-8FDC-42A3-9474-1A3956D46DE8}") = "CrossCutting", "CrossCutting", "{10F107D1-EC4C-4FA8-AC3C-14646194C931}"
EndProject
Project("{2150E333-8FDC-42A3-9474-1A3956D46DE8}") = "CoCo.Core", "CoCo.Core", "{0B84D7A7-49B5-4EBF-978C-0A0E8DB213B1}"
EndProject
Project("{9A19103F-16F7-4668-BE54-9A1E7A4F7556}") = "CoCo.Core.Bootstrapper", "CrossCutting\CoCo.Core.Bootstrapper\CoCo.Core.Bootstrapper.csproj", "{75A54EEB-D673-4766-A275-A5915F7B6DB3}"
EndProject
Project("{9A19103F-16F7-4668-BE54-9A1E7A4F7556}") = "CoCo.Core.Configuration", "CrossCutting\CoCo.Core.Configuration\CoCo.Core.Configuration.csproj", "{E798E1A9-82B8-42BE-ACE1-6863F411F172}"
EndProject
Project("{9A19103F-16F7-4668-BE54-9A1E7A4F7556}") = "CoCo.Core.Configuration.DatabaseSource", "CrossCutting\CoCo.Core.Configuration.DatabaseSource\CoCo.Core.Configuration.DatabaseSource.csproj", "{1E4526A7-67EB-4B1C-B4E9-7A4EDF328FD8}"
EndProject
Project("{9A19103F-16F7-4668-BE54-9A1E7A4F7556}") = "CoCo.Core.Contract", "CrossCutting\CoCo.Core.Contract\CoCo.Core.Contract.csproj", "{88DE9863-84AD-4837-9468-D73FA55A1A9A}"
EndProject
Project("{9A19103F-16F7-4668-BE54-9A1E7A4F7556}") = "CoCo.Core.EventBrokerage", "CrossCutting\CoCo.Core.EventBrokerage\CoCo.Core.EventBrokerage.csproj", "{E657DB50-A97A-4D80-A6BF-DE274B4F3CEE}"
EndProject
Project("{9A19103F-16F7-4668-BE54-9A1E7A4F7556}") = "DataClasses", "CrossCutting\DataClasses\DataClasses.csproj", "{1F94C54B-6305-40C8-977D-63BCBA6BC3C7}"
EndProject
Project("{9A19103F-16F7-4668-BE54-9A1E7A4F7556}") = "Logging.Contract", "CrossCutting\Logging.Contract\Logging.Contract.csproj", "{60510C4F-6CE9-432C-985E-9F557049013D}"
EndProject
Project("{9A19103F-16F7-4668-BE54-9A1E7A4F7556}") = "CoCo.Core.NinjectAdapter", "CrossCutting\CoCo.Core.Ninject.Adapter\CoCo.Core.NinjectAdapter.csproj", "{49B709A3-2FA4-4EE4-B663-515E79F35293}"
EndProject
Project("{2150E333-8FDC-42A3-9474-1A3956D46DE8}") = "Data", "Data", "{56EB24C6-6185-4FD0-8C49-B4B5D656D64B}"
EndProject
Project("{2150E333-8FDC-42A3-9474-1A3956D46DE8}") = "Logic", "Logic", "{A7BCB9E7-B5C4-4AD1-9A52-E76952BB8EF6}"
EndProject
Project("{2150E333-8FDC-42A3-9474-1A3956D46DE8}") = "Business", "Business", "{7639B5AC-0F28-4094-9CD6-E59BA0494E78}"
EndProject
Project("{2150E333-8FDC-42A3-9474-1A3956D46DE8}") = "Domain", "Domain", "{14E91D1D-7AF6-4E65-85E4-A0F83A7AA794}"
EndProject
Project("{9A19103F-16F7-4668-BE54-9A1E7A4F7556}") = "AuditationWorkflows", "Logic\Business\AuditationWorkflows\AuditationWorkflows.csproj", "{EF959F5A-6A13-4815-926D-D017328B72D8}"
EndProject
Project("{9A19103F-16F7-4668-BE54-9A1E7A4F7556}") = "Audition.Cotract", "Logic\Domain\Audition.Cotract\Audition.Cotract.csproj", "{E6F3E50A-BA73-4A44-92A8-0BA8512ECBE6}"
EndProject
Project("{9A19103F-16F7-4668-BE54-9A1E7A4F7556}") = "Audiation", "Logic\Domain\Audiation\Audiation.csproj", "{11E9DC2D-629D-49AD-BD21-47DFCBE3612A}"
EndProject
Project("{2150E333-8FDC-42A3-9474-1A3956D46DE8}") = "Foundation", "Foundation", "{6051A5AD-51CE-441D-A0E4-8D14D6353698}"
EndProject
Project("{2150E333-8FDC-42A3-9474-1A3956D46DE8}") = "Integration", "Integration", "{13534A43-FFBE-498E-80C2-84AE56812C83}"
EndProject
Project("{2150E333-8FDC-42A3-9474-1A3956D46DE8}") = "Registration", "Registration", "{8C9C8648-8E9E-4768-96B1-E7A79B2B6785}"
EndProject
Project("{9A19103F-16F7-4668-BE54-9A1E7A4F7556}") = "DiMappings", "Registration\DiMappings\DiMappings.csproj", "{2EFD0769-07C4-40DA-8B23-8442F652CF95}"
EndProject
Project("{9A19103F-16F7-4668-BE54-9A1E7A4F7556}") = "RedTaskBar", "UI\RedWinTaskBar\RedTaskBar.csproj", "{7F76BE2D-ED10-4A42-A775-71293D170B47}"
EndProject
Project("{9A19103F-16F7-4668-BE54-9A1E7A4F7556}") = "DataStoring.Contract", "Data\DataStoring.Contract\DataStoring.Contract.csproj", "{2C675F6A-AF57-4DA4-B1B7-CA99A299C549}"
EndProject
Project("{FAE04EC0-301F-11D3-BF4B-00C04F79EFBC}") = "RedWinForms", "UI\RedWinForms\RedWinForms.csproj", "{F21121D9-204A-45E1-AA44-36E8CD925F25}"
EndProject
Project("{FAE04EC0-301F-11D3-BF4B-00C04F79EFBC}") = "RedWinForms.Contract", "UI\RedWinForms.Contract\RedWinForms.Contract.csproj", "{131A638B-FD02-4D4D-B203-A719039F0ADE}"
EndProject
Global
	GlobalSection(SolutionConfigurationPlatforms) = preSolution
		Debug|Any CPU = Debug|Any CPU
		Release|Any CPU = Release|Any CPU
	EndGlobalSection
	GlobalSection(ProjectConfigurationPlatforms) = postSolution
		{75A54EEB-D673-4766-A275-A5915F7B6DB3}.Debug|Any CPU.ActiveCfg = Debug|Any CPU
		{75A54EEB-D673-4766-A275-A5915F7B6DB3}.Debug|Any CPU.Build.0 = Debug|Any CPU
		{75A54EEB-D673-4766-A275-A5915F7B6DB3}.Release|Any CPU.ActiveCfg = Release|Any CPU
		{75A54EEB-D673-4766-A275-A5915F7B6DB3}.Release|Any CPU.Build.0 = Release|Any CPU
		{E798E1A9-82B8-42BE-ACE1-6863F411F172}.Debug|Any CPU.ActiveCfg = Debug|Any CPU
		{E798E1A9-82B8-42BE-ACE1-6863F411F172}.Debug|Any CPU.Build.0 = Debug|Any CPU
		{E798E1A9-82B8-42BE-ACE1-6863F411F172}.Release|Any CPU.ActiveCfg = Release|Any CPU
		{E798E1A9-82B8-42BE-ACE1-6863F411F172}.Release|Any CPU.Build.0 = Release|Any CPU
		{1E4526A7-67EB-4B1C-B4E9-7A4EDF328FD8}.Debug|Any CPU.ActiveCfg = Debug|Any CPU
		{1E4526A7-67EB-4B1C-B4E9-7A4EDF328FD8}.Debug|Any CPU.Build.0 = Debug|Any CPU
		{1E4526A7-67EB-4B1C-B4E9-7A4EDF328FD8}.Release|Any CPU.ActiveCfg = Release|Any CPU
		{1E4526A7-67EB-4B1C-B4E9-7A4EDF328FD8}.Release|Any CPU.Build.0 = Release|Any CPU
		{88DE9863-84AD-4837-9468-D73FA55A1A9A}.Debug|Any CPU.ActiveCfg = Debug|Any CPU
		{88DE9863-84AD-4837-9468-D73FA55A1A9A}.Debug|Any CPU.Build.0 = Debug|Any CPU
		{88DE9863-84AD-4837-9468-D73FA55A1A9A}.Release|Any CPU.ActiveCfg = Release|Any CPU
		{88DE9863-84AD-4837-9468-D73FA55A1A9A}.Release|Any CPU.Build.0 = Release|Any CPU
		{E657DB50-A97A-4D80-A6BF-DE274B4F3CEE}.Debug|Any CPU.ActiveCfg = Debug|Any CPU
		{E657DB50-A97A-4D80-A6BF-DE274B4F3CEE}.Debug|Any CPU.Build.0 = Debug|Any CPU
		{E657DB50-A97A-4D80-A6BF-DE274B4F3CEE}.Release|Any CPU.ActiveCfg = Release|Any CPU
		{E657DB50-A97A-4D80-A6BF-DE274B4F3CEE}.Release|Any CPU.Build.0 = Release|Any CPU
		{1F94C54B-6305-40C8-977D-63BCBA6BC3C7}.Debug|Any CPU.ActiveCfg = Debug|Any CPU
		{1F94C54B-6305-40C8-977D-63BCBA6BC3C7}.Debug|Any CPU.Build.0 = Debug|Any CPU
		{1F94C54B-6305-40C8-977D-63BCBA6BC3C7}.Release|Any CPU.ActiveCfg = Release|Any CPU
		{1F94C54B-6305-40C8-977D-63BCBA6BC3C7}.Release|Any CPU.Build.0 = Release|Any CPU
		{60510C4F-6CE9-432C-985E-9F557049013D}.Debug|Any CPU.ActiveCfg = Debug|Any CPU
		{60510C4F-6CE9-432C-985E-9F557049013D}.Debug|Any CPU.Build.0 = Debug|Any CPU
		{60510C4F-6CE9-432C-985E-9F557049013D}.Release|Any CPU.ActiveCfg = Release|Any CPU
		{60510C4F-6CE9-432C-985E-9F557049013D}.Release|Any CPU.Build.0 = Release|Any CPU
		{49B709A3-2FA4-4EE4-B663-515E79F35293}.Debug|Any CPU.ActiveCfg = Debug|Any CPU
		{49B709A3-2FA4-4EE4-B663-515E79F35293}.Debug|Any CPU.Build.0 = Debug|Any CPU
		{49B709A3-2FA4-4EE4-B663-515E79F35293}.Release|Any CPU.ActiveCfg = Release|Any CPU
		{49B709A3-2FA4-4EE4-B663-515E79F35293}.Release|Any CPU.Build.0 = Release|Any CPU
		{EF959F5A-6A13-4815-926D-D017328B72D8}.Debug|Any CPU.ActiveCfg = Debug|Any CPU
		{EF959F5A-6A13-4815-926D-D017328B72D8}.Debug|Any CPU.Build.0 = Debug|Any CPU
		{EF959F5A-6A13-4815-926D-D017328B72D8}.Release|Any CPU.ActiveCfg = Release|Any CPU
		{EF959F5A-6A13-4815-926D-D017328B72D8}.Release|Any CPU.Build.0 = Release|Any CPU
		{E6F3E50A-BA73-4A44-92A8-0BA8512ECBE6}.Debug|Any CPU.ActiveCfg = Debug|Any CPU
		{E6F3E50A-BA73-4A44-92A8-0BA8512ECBE6}.Debug|Any CPU.Build.0 = Debug|Any CPU
		{E6F3E50A-BA73-4A44-92A8-0BA8512ECBE6}.Release|Any CPU.ActiveCfg = Release|Any CPU
		{E6F3E50A-BA73-4A44-92A8-0BA8512ECBE6}.Release|Any CPU.Build.0 = Release|Any CPU
		{11E9DC2D-629D-49AD-BD21-47DFCBE3612A}.Debug|Any CPU.ActiveCfg = Debug|Any CPU
		{11E9DC2D-629D-49AD-BD21-47DFCBE3612A}.Debug|Any CPU.Build.0 = Debug|Any CPU
		{11E9DC2D-629D-49AD-BD21-47DFCBE3612A}.Release|Any CPU.ActiveCfg = Release|Any CPU
		{11E9DC2D-629D-49AD-BD21-47DFCBE3612A}.Release|Any CPU.Build.0 = Release|Any CPU
		{2EFD0769-07C4-40DA-8B23-8442F652CF95}.Debug|Any CPU.ActiveCfg = Debug|Any CPU
		{2EFD0769-07C4-40DA-8B23-8442F652CF95}.Debug|Any CPU.Build.0 = Debug|Any CPU
		{2EFD0769-07C4-40DA-8B23-8442F652CF95}.Release|Any CPU.ActiveCfg = Release|Any CPU
		{2EFD0769-07C4-40DA-8B23-8442F652CF95}.Release|Any CPU.Build.0 = Release|Any CPU
		{7F76BE2D-ED10-4A42-A775-71293D170B47}.Debug|Any CPU.ActiveCfg = Debug|Any CPU
		{7F76BE2D-ED10-4A42-A775-71293D170B47}.Debug|Any CPU.Build.0 = Debug|Any CPU
		{7F76BE2D-ED10-4A42-A775-71293D170B47}.Release|Any CPU.ActiveCfg = Release|Any CPU
		{7F76BE2D-ED10-4A42-A775-71293D170B47}.Release|Any CPU.Build.0 = Release|Any CPU
		{2C675F6A-AF57-4DA4-B1B7-CA99A299C549}.Debug|Any CPU.ActiveCfg = Debug|Any CPU
		{2C675F6A-AF57-4DA4-B1B7-CA99A299C549}.Debug|Any CPU.Build.0 = Debug|Any CPU
		{2C675F6A-AF57-4DA4-B1B7-CA99A299C549}.Release|Any CPU.ActiveCfg = Release|Any CPU
		{2C675F6A-AF57-4DA4-B1B7-CA99A299C549}.Release|Any CPU.Build.0 = Release|Any CPU
		{F21121D9-204A-45E1-AA44-36E8CD925F25}.Debug|Any CPU.ActiveCfg = Debug|Any CPU
		{F21121D9-204A-45E1-AA44-36E8CD925F25}.Debug|Any CPU.Build.0 = Debug|Any CPU
		{F21121D9-204A-45E1-AA44-36E8CD925F25}.Release|Any CPU.ActiveCfg = Release|Any CPU
		{F21121D9-204A-45E1-AA44-36E8CD925F25}.Release|Any CPU.Build.0 = Release|Any CPU
		{131A638B-FD02-4D4D-B203-A719039F0ADE}.Debug|Any CPU.ActiveCfg = Debug|Any CPU
		{131A638B-FD02-4D4D-B203-A719039F0ADE}.Debug|Any CPU.Build.0 = Debug|Any CPU
		{131A638B-FD02-4D4D-B203-A719039F0ADE}.Release|Any CPU.ActiveCfg = Release|Any CPU
		{131A638B-FD02-4D4D-B203-A719039F0ADE}.Release|Any CPU.Build.0 = Release|Any CPU
	EndGlobalSection
	GlobalSection(SolutionProperties) = preSolution
		HideSolutionNode = FALSE
	EndGlobalSection
	GlobalSection(NestedProjects) = preSolution
		{0B84D7A7-49B5-4EBF-978C-0A0E8DB213B1} = {10F107D1-EC4C-4FA8-AC3C-14646194C931}
		{75A54EEB-D673-4766-A275-A5915F7B6DB3} = {0B84D7A7-49B5-4EBF-978C-0A0E8DB213B1}
		{E798E1A9-82B8-42BE-ACE1-6863F411F172} = {0B84D7A7-49B5-4EBF-978C-0A0E8DB213B1}
		{1E4526A7-67EB-4B1C-B4E9-7A4EDF328FD8} = {0B84D7A7-49B5-4EBF-978C-0A0E8DB213B1}
		{88DE9863-84AD-4837-9468-D73FA55A1A9A} = {0B84D7A7-49B5-4EBF-978C-0A0E8DB213B1}
		{E657DB50-A97A-4D80-A6BF-DE274B4F3CEE} = {0B84D7A7-49B5-4EBF-978C-0A0E8DB213B1}
		{1F94C54B-6305-40C8-977D-63BCBA6BC3C7} = {10F107D1-EC4C-4FA8-AC3C-14646194C931}
		{60510C4F-6CE9-432C-985E-9F557049013D} = {10F107D1-EC4C-4FA8-AC3C-14646194C931}
		{49B709A3-2FA4-4EE4-B663-515E79F35293} = {0B84D7A7-49B5-4EBF-978C-0A0E8DB213B1}
		{7639B5AC-0F28-4094-9CD6-E59BA0494E78} = {A7BCB9E7-B5C4-4AD1-9A52-E76952BB8EF6}
		{14E91D1D-7AF6-4E65-85E4-A0F83A7AA794} = {A7BCB9E7-B5C4-4AD1-9A52-E76952BB8EF6}
		{EF959F5A-6A13-4815-926D-D017328B72D8} = {7639B5AC-0F28-4094-9CD6-E59BA0494E78}
		{E6F3E50A-BA73-4A44-92A8-0BA8512ECBE6} = {14E91D1D-7AF6-4E65-85E4-A0F83A7AA794}
		{11E9DC2D-629D-49AD-BD21-47DFCBE3612A} = {14E91D1D-7AF6-4E65-85E4-A0F83A7AA794}
		{6051A5AD-51CE-441D-A0E4-8D14D6353698} = {A7BCB9E7-B5C4-4AD1-9A52-E76952BB8EF6}
		{13534A43-FFBE-498E-80C2-84AE56812C83} = {A7BCB9E7-B5C4-4AD1-9A52-E76952BB8EF6}
		{2EFD0769-07C4-40DA-8B23-8442F652CF95} = {8C9C8648-8E9E-4768-96B1-E7A79B2B6785}
		{7F76BE2D-ED10-4A42-A775-71293D170B47} = {91B35A9D-11EC-4212-A16C-3ECB00D97791}
		{2C675F6A-AF57-4DA4-B1B7-CA99A299C549} = {56EB24C6-6185-4FD0-8C49-B4B5D656D64B}
		{F21121D9-204A-45E1-AA44-36E8CD925F25} = {91B35A9D-11EC-4212-A16C-3ECB00D97791}
		{131A638B-FD02-4D4D-B203-A719039F0ADE} = {91B35A9D-11EC-4212-A16C-3ECB00D97791}
	EndGlobalSection
	GlobalSection(ExtensibilityGlobals) = postSolution
		SolutionGuid = {B5243066-5598-4E7E-8F89-BE43D6F2256D}
	EndGlobalSection
EndGlobal
